
Microsoft Visual Studio Solution File, Format Version 12.00
# Visual Studio Version 17
VisualStudioVersion = 17.0.31903.59
MinimumVisualStudioVersion = 10.0.40219.1
Project("{FAE04EC0-301F-11D3-BF4B-00C04F79EFBC}") = "API", "API\API.csproj", "{959D1D31-A5B4-4AB8-AA6E-769239B68DC4}"
EndProject
Project("{FAE04EC0-301F-11D3-BF4B-00C04F79EFBC}") = "Application", "Application\Application.csproj", "{C5E7DF12-37E0-421E-8FB9-5B376687C8E4}"
EndProject
Project("{FAE04EC0-301F-11D3-BF4B-00C04F79EFBC}") = "Domain", "Domain\Domain.csproj", "{BD8756AB-C0E0-479E-8EBF-1425004411D0}"
EndProject
Project("{FAE04EC0-301F-11D3-BF4B-00C04F79EFBC}") = "Persistence", "Persistence\Persistence.csproj", "{0D38EF51-2BFE-40A6-8AD6-996C8D63ADCA}"
EndProject
Project("{FAE04EC0-301F-11D3-BF4B-00C04F79EFBC}") = "Infrastructure", "Infrastructure\Infrastructure.csproj", "{42C03782-6950-47BA-B77E-D56DD3A95467}"
EndProject
Global
	GlobalSection(SolutionConfigurationPlatforms) = preSolution
		Debug|Any CPU = Debug|Any CPU
		Release|Any CPU = Release|Any CPU
	EndGlobalSection
	GlobalSection(SolutionProperties) = preSolution
		HideSolutionNode = FALSE
	EndGlobalSection
	GlobalSection(ProjectConfigurationPlatforms) = postSolution
		{959D1D31-A5B4-4AB8-AA6E-769239B68DC4}.Debug|Any CPU.ActiveCfg = Debug|Any CPU
		{959D1D31-A5B4-4AB8-AA6E-769239B68DC4}.Debug|Any CPU.Build.0 = Debug|Any CPU
		{959D1D31-A5B4-4AB8-AA6E-769239B68DC4}.Release|Any CPU.ActiveCfg = Release|Any CPU
		{959D1D31-A5B4-4AB8-AA6E-769239B68DC4}.Release|Any CPU.Build.0 = Release|Any CPU
		{C5E7DF12-37E0-421E-8FB9-5B376687C8E4}.Debug|Any CPU.ActiveCfg = Debug|Any CPU
		{C5E7DF12-37E0-421E-8FB9-5B376687C8E4}.Debug|Any CPU.Build.0 = Debug|Any CPU
		{C5E7DF12-37E0-421E-8FB9-5B376687C8E4}.Release|Any CPU.ActiveCfg = Release|Any CPU
		{C5E7DF12-37E0-421E-8FB9-5B376687C8E4}.Release|Any CPU.Build.0 = Release|Any CPU
		{BD8756AB-C0E0-479E-8EBF-1425004411D0}.Debug|Any CPU.ActiveCfg = Debug|Any CPU
		{BD8756AB-C0E0-479E-8EBF-1425004411D0}.Debug|Any CPU.Build.0 = Debug|Any CPU
		{BD8756AB-C0E0-479E-8EBF-1425004411D0}.Release|Any CPU.ActiveCfg = Release|Any CPU
		{BD8756AB-C0E0-479E-8EBF-1425004411D0}.Release|Any CPU.Build.0 = Release|Any CPU
		{0D38EF51-2BFE-40A6-8AD6-996C8D63ADCA}.Debug|Any CPU.ActiveCfg = Debug|Any CPU
		{0D38EF51-2BFE-40A6-8AD6-996C8D63ADCA}.Debug|Any CPU.Build.0 = Debug|Any CPU
		{0D38EF51-2BFE-40A6-8AD6-996C8D63ADCA}.Release|Any CPU.ActiveCfg = Release|Any CPU
		{0D38EF51-2BFE-40A6-8AD6-996C8D63ADCA}.Release|Any CPU.Build.0 = Release|Any CPU
		{42C03782-6950-47BA-B77E-D56DD3A95467}.Debug|Any CPU.ActiveCfg = Debug|Any CPU
		{42C03782-6950-47BA-B77E-D56DD3A95467}.Debug|Any CPU.Build.0 = Debug|Any CPU
		{42C03782-6950-47BA-B77E-D56DD3A95467}.Release|Any CPU.ActiveCfg = Release|Any CPU
		{42C03782-6950-47BA-B77E-D56DD3A95467}.Release|Any CPU.Build.0 = Release|Any CPU
	EndGlobalSection
EndGlobal
